
Microsoft Visual Studio Solution File, Format Version 12.00
# Visual Studio Version 16
VisualStudioVersion = 25.0.1706.8
MinimumVisualStudioVersion = 10.0.40219.1
Project("{FAE04EC0-301F-11D3-BF4B-00C04F79EFBC}") = "StudentClubs", "StudentClubs\StudentClubs.csproj", "{47A07F41-8BAB-4968-A82F-6D1CF3F52C04}"
EndProject
Global
	GlobalSection(SolutionConfigurationPlatforms) = preSolution
		Debug|Any CPU = Debug|Any CPU
		Release|Any CPU = Release|Any CPU
	EndGlobalSection
	GlobalSection(ProjectConfigurationPlatforms) = postSolution
		{47A07F41-8BAB-4968-A82F-6D1CF3F52C04}.Debug|Any CPU.ActiveCfg = Debug|Any CPU
		{47A07F41-8BAB-4968-A82F-6D1CF3F52C04}.Debug|Any CPU.Build.0 = Debug|Any CPU
		{47A07F41-8BAB-4968-A82F-6D1CF3F52C04}.Release|Any CPU.ActiveCfg = Release|Any CPU
		{47A07F41-8BAB-4968-A82F-6D1CF3F52C04}.Release|Any CPU.Build.0 = Release|Any CPU
	EndGlobalSection
	GlobalSection(SolutionProperties) = preSolution
		HideSolutionNode = FALSE
	EndGlobalSection
	GlobalSection(ExtensibilityGlobals) = postSolution
		SolutionGuid = {15F18DA9-6973-4ABF-B4DD-9101A19F3E18}
	EndGlobalSection
EndGlobal
